
Microsoft Visual Studio Solution File, Format Version 12.00
# Visual Studio 2013
VisualStudioVersion = 12.0.21005.1
MinimumVisualStudioVersion = 10.0.40219.1
Project("{FAE04EC0-301F-11D3-BF4B-00C04F79EFBC}") = "Bank_Card_Perso", "Bank_Card_Perso\Bank_Card_Perso.csproj", "{1F1C05B3-0E3C-4F5B-AF2F-0CECC01EA086}"
EndProject
Project("{FAE04EC0-301F-11D3-BF4B-00C04F79EFBC}") = "EnhancedGlassButton", "..\..\..\..\Desktop\EnhancedGlassButton\EnhancedGlassButton.csproj", "{FECA96CB-F378-41E8-8E4E-8CA148BE04B7}"
EndProject
Global
	GlobalSection(SolutionConfigurationPlatforms) = preSolution
		Debug|Any CPU = Debug|Any CPU
		Release|Any CPU = Release|Any CPU
	EndGlobalSection
	GlobalSection(ProjectConfigurationPlatforms) = postSolution
		{1F1C05B3-0E3C-4F5B-AF2F-0CECC01EA086}.Debug|Any CPU.ActiveCfg = Debug|Any CPU
		{1F1C05B3-0E3C-4F5B-AF2F-0CECC01EA086}.Debug|Any CPU.Build.0 = Debug|Any CPU
		{1F1C05B3-0E3C-4F5B-AF2F-0CECC01EA086}.Release|Any CPU.ActiveCfg = Release|Any CPU
		{1F1C05B3-0E3C-4F5B-AF2F-0CECC01EA086}.Release|Any CPU.Build.0 = Release|Any CPU
		{FECA96CB-F378-41E8-8E4E-8CA148BE04B7}.Debug|Any CPU.ActiveCfg = Debug|Any CPU
		{FECA96CB-F378-41E8-8E4E-8CA148BE04B7}.Debug|Any CPU.Build.0 = Debug|Any CPU
		{FECA96CB-F378-41E8-8E4E-8CA148BE04B7}.Release|Any CPU.ActiveCfg = Release|Any CPU
		{FECA96CB-F378-41E8-8E4E-8CA148BE04B7}.Release|Any CPU.Build.0 = Release|Any CPU
	EndGlobalSection
	GlobalSection(SolutionProperties) = preSolution
		HideSolutionNode = FALSE
	EndGlobalSection
EndGlobal
